// !$*UTF8*$!
{
	archiveVersion = 1;
	classes = {
	};
	objectVersion = 46;
	objects = {

/* Begin PBXBuildFile section */
		9068B6E81DF0BF9800361D7A /* AppDelegate.swift in Sources */ = {isa = PBXBuildFile; fileRef = 9068B6E71DF0BF9800361D7A /* AppDelegate.swift */; };
		9068B6EA1DF0BF9800361D7A /* ViewController.swift in Sources */ = {isa = PBXBuildFile; fileRef = 9068B6E91DF0BF9800361D7A /* ViewController.swift */; };
		9068B6ED1DF0BF9800361D7A /* Main.storyboard in Resources */ = {isa = PBXBuildFile; fileRef = 9068B6EB1DF0BF9800361D7A /* Main.storyboard */; };
		9068B6F01DF0BF9800361D7A /* Dream_Catcher.xcdatamodeld in Sources */ = {isa = PBXBuildFile; fileRef = 9068B6EE1DF0BF9800361D7A /* Dream_Catcher.xcdatamodeld */; };
		9068B6F21DF0BF9800361D7A /* Assets.xcassets in Resources */ = {isa = PBXBuildFile; fileRef = 9068B6F11DF0BF9800361D7A /* Assets.xcassets */; };
		9068B6F51DF0BF9800361D7A /* LaunchScreen.storyboard in Resources */ = {isa = PBXBuildFile; fileRef = 9068B6F31DF0BF9800361D7A /* LaunchScreen.storyboard */; };
		9068B6FD1DF0C63600361D7A /* cooltext219151811125349.png in Resources */ = {isa = PBXBuildFile; fileRef = 9068B6FC1DF0C63600361D7A /* cooltext219151811125349.png */; };
/* End PBXBuildFile section */

/* Begin PBXFileReference section */
		9068B6E41DF0BF9800361D7A /* Dream Catcher.app */ = {isa = PBXFileReference; explicitFileType = wrapper.application; includeInIndex = 0; path = "Dream Catcher.app"; sourceTree = BUILT_PRODUCTS_DIR; };
		9068B6E71DF0BF9800361D7A /* AppDelegate.swift */ = {isa = PBXFileReference; lastKnownFileType = sourcecode.swift; path = AppDelegate.swift; sourceTree = "<group>"; };
		9068B6E91DF0BF9800361D7A /* ViewController.swift */ = {isa = PBXFileReference; lastKnownFileType = sourcecode.swift; path = ViewController.swift; sourceTree = "<group>"; };
		9068B6EC1DF0BF9800361D7A /* Base */ = {isa = PBXFileReference; lastKnownFileType = file.storyboard; name = Base; path = Base.lproj/Main.storyboard; sourceTree = "<group>"; };
		9068B6EF1DF0BF9800361D7A /* Dream_Catcher.xcdatamodel */ = {isa = PBXFileReference; lastKnownFileType = wrapper.xcdatamodel; path = Dream_Catcher.xcdatamodel; sourceTree = "<group>"; };
		9068B6F11DF0BF9800361D7A /* Assets.xcassets */ = {isa = PBXFileReference; lastKnownFileType = folder.assetcatalog; path = Assets.xcassets; sourceTree = "<group>"; };
		9068B6F41DF0BF9800361D7A /* Base */ = {isa = PBXFileReference; lastKnownFileType = file.storyboard; name = Base; path = Base.lproj/LaunchScreen.storyboard; sourceTree = "<group>"; };
		9068B6F61DF0BF9800361D7A /* Info.plist */ = {isa = PBXFileReference; lastKnownFileType = text.plist.xml; path = Info.plist; sourceTree = "<group>"; };
		9068B6FC1DF0C63600361D7A /* cooltext219151811125349.png */ = {isa = PBXFileReference; lastKnownFileType = image.png; name = cooltext219151811125349.png; path = ../cooltext219151811125349.png; sourceTree = "<group>"; };
/* End PBXFileReference section */

/* Begin PBXFrameworksBuildPhase section */
		9068B6E11DF0BF9800361D7A /* Frameworks */ = {
			isa = PBXFrameworksBuildPhase;
			buildActionMask = 2147483647;
			files = (
			);
			runOnlyForDeploymentPostprocessing = 0;
		};
/* End PBXFrameworksBuildPhase section */

/* Begin PBXGroup section */
		9068B6DB1DF0BF9800361D7A = {
			isa = PBXGroup;
			children = (
				9068B6FC1DF0C63600361D7A /* cooltext219151811125349.png */,
				9068B6E61DF0BF9800361D7A /* Dream Catcher */,
				9068B6E51DF0BF9800361D7A /* Products */,
			);
			sourceTree = "<group>";
		};
		9068B6E51DF0BF9800361D7A /* Products */ = {
			isa = PBXGroup;
			children = (
				9068B6E41DF0BF9800361D7A /* Dream Catcher.app */,
			);
			name = Products;
			sourceTree = "<group>";
		};
		9068B6E61DF0BF9800361D7A /* Dream Catcher */ = {
			isa = PBXGroup;
			children = (
				9068B6E71DF0BF9800361D7A /* AppDelegate.swift */,
				9068B6E91DF0BF9800361D7A /* ViewController.swift */,
				9068B6EB1DF0BF9800361D7A /* Main.storyboard */,
				9068B6F11DF0BF9800361D7A /* Assets.xcassets */,
				9068B6F31DF0BF9800361D7A /* LaunchScreen.storyboard */,
				9068B6F61DF0BF9800361D7A /* Info.plist */,
				9068B6EE1DF0BF9800361D7A /* Dream_Catcher.xcdatamodeld */,
			);
			path = "Dream Catcher";
			sourceTree = "<group>";
		};
/* End PBXGroup section */

/* Begin PBXNativeTarget section */
		9068B6E31DF0BF9800361D7A /* Dream Catcher */ = {
			isa = PBXNativeTarget;
			buildConfigurationList = 9068B6F91DF0BF9800361D7A /* Build configuration list for PBXNativeTarget "Dream Catcher" */;
			buildPhases = (
				9068B6E01DF0BF9800361D7A /* Sources */,
				9068B6E11DF0BF9800361D7A /* Frameworks */,
				9068B6E21DF0BF9800361D7A /* Resources */,
			);
			buildRules = (
			);
			dependencies = (
			);
			name = "Dream Catcher";
			productName = "Dream Catcher";
			productReference = 9068B6E41DF0BF9800361D7A /* Dream Catcher.app */;
			productType = "com.apple.product-type.application";
		};
/* End PBXNativeTarget section */

/* Begin PBXProject section */
		9068B6DC1DF0BF9800361D7A /* Project object */ = {
			isa = PBXProject;
			attributes = {
				LastSwiftUpdateCheck = 0730;
				LastUpgradeCheck = 0730;
				ORGANIZATIONNAME = "Rock Valley College";
				TargetAttributes = {
					9068B6E31DF0BF9800361D7A = {
						CreatedOnToolsVersion = 7.3.1;
					};
				};
			};
			buildConfigurationList = 9068B6DF1DF0BF9800361D7A /* Build configuration list for PBXProject "Dream Catcher" */;
			compatibilityVersion = "Xcode 3.2";
			developmentRegion = English;
			hasScannedForEncodings = 0;
			knownRegions = (
				en,
				Base,
			);
			mainGroup = 9068B6DB1DF0BF9800361D7A;
			productRefGroup = 9068B6E51DF0BF9800361D7A /* Products */;
			projectDirPath = "";
			projectRoot = "";
			targets = (
				9068B6E31DF0BF9800361D7A /* Dream Catcher */,
			);
		};
/* End PBXProject section */

/* Begin PBXResourcesBuildPhase section */
		9068B6E21DF0BF9800361D7A /* Resources */ = {
			isa = PBXResourcesBuildPhase;
			buildActionMask = 2147483647;
			files = (
				9068B6F51DF0BF9800361D7A /* LaunchScreen.storyboard in Resources */,
				9068B6FD1DF0C63600361D7A /* cooltext219151811125349.png in Resources */,
				9068B6F21DF0BF9800361D7A /* Assets.xcassets in Resources */,
				9068B6ED1DF0BF9800361D7A /* Main.storyboard in Resources */,
			);
			runOnlyForDeploymentPostprocessing = 0;
		};
/* End PBXResourcesBuildPhase section */

/* Begin PBXSourcesBuildPhase section */
		9068B6E01DF0BF9800361D7A /* Sources */ = {
			isa = PBXSourcesBuildPhase;
			buildActionMask = 2147483647;
			files = (
				9068B6F01DF0BF9800361D7A /* Dream_Catcher.xcdatamodeld in Sources */,
				9068B6EA1DF0BF9800361D7A /* ViewController.swift in Sources */,
				9068B6E81DF0BF9800361D7A /* AppDelegate.swift in Sources */,
			);
			runOnlyForDeploymentPostprocessing = 0;
		};
/* End PBXSourcesBuildPhase section */

/* Begin PBXVariantGroup section */
		9068B6EB1DF0BF9800361D7A /* Main.storyboard */ = {
			isa = PBXVariantGroup;
			children = (
				9068B6EC1DF0BF9800361D7A /* Base */,
			);
			name = Main.storyboard;
			sourceTree = "<group>";
		};
		9068B6F31DF0BF9800361D7A /* LaunchScreen.storyboard */ = {
			isa = PBXVariantGroup;
			children = (
				9068B6F41DF0BF9800361D7A /* Base */,
			);
			name = LaunchScreen.storyboard;
			sourceTree = "<group>";
		};
/* End PBXVariantGroup section */

/* Begin XCBuildConfiguration section */
		9068B6F71DF0BF9800361D7A /* Debug */ = {
			isa = XCBuildConfiguration;
			buildSettings = {
				ALWAYS_SEARCH_USER_PATHS = NO;
				CLANG_ANALYZER_NONNULL = YES;
				CLANG_CXX_LANGUAGE_STANDARD = "gnu++0x";
				CLANG_CXX_LIBRARY = "libc++";
				CLANG_ENABLE_MODULES = YES;
				CLANG_ENABLE_OBJC_ARC = YES;
				CLANG_WARN_BOOL_CONVERSION = YES;
				CLANG_WARN_CONSTANT_CONVERSION = YES;
				CLANG_WARN_DIRECT_OBJC_ISA_USAGE = YES_ERROR;
				CLANG_WARN_EMPTY_BODY = YES;
				CLANG_WARN_ENUM_CONVERSION = YES;
				CLANG_WARN_INT_CONVERSION = YES;
				CLANG_WARN_OBJC_ROOT_CLASS = YES_ERROR;
				CLANG_WARN_UNREACHABLE_CODE = YES;
				CLANG_WARN__DUPLICATE_METHOD_MATCH = YES;
				"CODE_SIGN_IDENTITY[sdk=iphoneos*]" = "iPhone Developer";
				COPY_PHASE_STRIP = NO;
				DEBUG_INFORMATION_FORMAT = dwarf;
				ENABLE_STRICT_OBJC_MSGSEND = YES;
				ENABLE_TESTABILITY = YES;
				GCC_C_LANGUAGE_STANDARD = gnu99;
				GCC_DYNAMIC_NO_PIC = NO;
				GCC_NO_COMMON_BLOCKS = YES;
				GCC_OPTIMIZATION_LEVEL = 0;
				GCC_PREPROCESSOR_DEFINITIONS = (
					"DEBUG=1",
					"$(inherited)",
				);
				GCC_WARN_64_TO_32_BIT_CONVERSION = YES;
				GCC_WARN_ABOUT_RETURN_TYPE = YES_ERROR;
				GCC_WARN_UNDECLARED_SELECTOR = YES;
				GCC_WARN_UNINITIALIZED_AUTOS = YES_AGGRESSIVE;
				GCC_WARN_UNUSED_FUNCTION = YES;
				GCC_WARN_UNUSED_VARIABLE = YES;
				IPHONEOS_DEPLOYMENT_TARGET = 9.3;
				MTL_ENABLE_DEBUG_INFO = YES;
				ONLY_ACTIVE_ARCH = YES;
				SDKROOT = iphoneos;
				SWIFT_OPTIMIZATION_LEVEL = "-Onone";
				TARGETED_DEVICE_FAMILY = "1,2";
			};
			name = Debug;
		};
		9068B6F81DF0BF9800361D7A /* Release */ = {
			isa = XCBuildConfiguration;
			buildSettings = {
				ALWAYS_SEARCH_USER_PATHS = NO;
				CLANG_ANALYZER_NONNULL = YES;
				CLANG_CXX_LANGUAGE_STANDARD = "gnu++0x";
				CLANG_CXX_LIBRARY = "libc++";
				CLANG_ENABLE_MODULES = YES;
				CLANG_ENABLE_OBJC_ARC = YES;
				CLANG_WARN_BOOL_CONVERSION = YES;
				CLANG_WARN_CONSTANT_CONVERSION = YES;
				CLANG_WARN_DIRECT_OBJC_ISA_USAGE = YES_ERROR;
				CLANG_WARN_EMPTY_BODY = YES;
				CLANG_WARN_ENUM_CONVERSION = YES;
				CLANG_WARN_INT_CONVERSION = YES;
				CLANG_WARN_OBJC_ROOT_CLASS = YES_ERROR;
				CLANG_WARN_UNREACHABLE_CODE = YES;
				CLANG_WARN__DUPLICATE_METHOD_MATCH = YES;
				"CODE_SIGN_IDENTITY[sdk=iphoneos*]" = "iPhone Developer";
				COPY_PHASE_STRIP = NO;
				DEBUG_INFORMATION_FORMAT = "dwarf-with-dsym";
				ENABLE_NS_ASSERTIONS = NO;
				ENABLE_STRICT_OBJC_MSGSEND = YES;
				GCC_C_LANGUAGE_STANDARD = gnu99;
				GCC_NO_COMMON_BLOCKS = YES;
				GCC_WARN_64_TO_32_BIT_CONVERSION = YES;
				GCC_WARN_ABOUT_RETURN_TYPE = YES_ERROR;
				GCC_WARN_UNDECLARED_SELECTOR = YES;
				GCC_WARN_UNINITIALIZED_AUTOS = YES_AGGRESSIVE;
				GCC_WARN_UNUSED_FUNCTION = YES;
				GCC_WARN_UNUSED_VARIABLE = YES;
				IPHONEOS_DEPLOYMENT_TARGET = 9.3;
				MTL_ENABLE_DEBUG_INFO = NO;
				SDKROOT = iphoneos;
				TARGETED_DEVICE_FAMILY = "1,2";
				VALIDATE_PRODUCT = YES;
			};
			name = Release;
		};
		9068B6FA1DF0BF9800361D7A /* Debug */ = {
			isa = XCBuildConfiguration;
			buildSettings = {
				ASSETCATALOG_COMPILER_APPICON_NAME = AppIcon;
				INFOPLIST_FILE = "Dream Catcher/Info.plist";
				LD_RUNPATH_SEARCH_PATHS = "$(inherited) @executable_path/Frameworks";
				PRODUCT_BUNDLE_IDENTIFIER = "edu.RockValleyCollege.Dream-Catcher";
				PRODUCT_NAME = "$(TARGET_NAME)";
			};
			name = Debug;
		};
		9068B6FB1DF0BF9800361D7A /* Release */ = {
			isa = XCBuildConfiguration;
			buildSettings = {
				ASSETCATALOG_COMPILER_APPICON_NAME = AppIcon;
				INFOPLIST_FILE = "Dream Catcher/Info.plist";
				LD_RUNPATH_SEARCH_PATHS = "$(inherited) @executable_path/Frameworks";
				PRODUCT_BUNDLE_IDENTIFIER = "edu.RockValleyCollege.Dream-Catcher";
				PRODUCT_NAME = "$(TARGET_NAME)";
			};
			name = Release;
		};
/* End XCBuildConfiguration section */

/* Begin XCConfigurationList section */
		9068B6DF1DF0BF9800361D7A /* Build configuration list for PBXProject "Dream Catcher" */ = {
			isa = XCConfigurationList;
			buildConfigurations = (
				9068B6F71DF0BF9800361D7A /* Debug */,
				9068B6F81DF0BF9800361D7A /* Release */,
			);
			defaultConfigurationIsVisible = 0;
			defaultConfigurationName = Release;
		};
		9068B6F91DF0BF9800361D7A /* Build configuration list for PBXNativeTarget "Dream Catcher" */ = {
			isa = XCConfigurationList;
			buildConfigurations = (
				9068B6FA1DF0BF9800361D7A /* Debug */,
				9068B6FB1DF0BF9800361D7A /* Release */,
			);
			defaultConfigurationIsVisible = 0;
		};
/* End XCConfigurationList section */

/* Begin XCVersionGroup section */
		9068B6EE1DF0BF9800361D7A /* Dream_Catcher.xcdatamodeld */ = {
			isa = XCVersionGroup;
			children = (
				9068B6EF1DF0BF9800361D7A /* Dream_Catcher.xcdatamodel */,
			);
			currentVersion = 9068B6EF1DF0BF9800361D7A /* Dream_Catcher.xcdatamodel */;
			path = Dream_Catcher.xcdatamodeld;
			sourceTree = "<group>";
			versionGroupType = wrapper.xcdatamodel;
		};
/* End XCVersionGroup section */
	};
	rootObject = 9068B6DC1DF0BF9800361D7A /* Project object */;
}
